# This file is generated by running "yarn install" inside your project.
# Manual changes might be lost - proceed with caution!

__metadata:
  version: 4
  cacheKey: 7

"@babel/runtime@npm:^7.1.2, @babel/runtime@npm:^7.6.2":
  version: 7.13.10
  resolution: "@babel/runtime@npm:7.13.10"
  dependencies:
    regenerator-runtime: ^0.13.4
  checksum: 22014226b96a8c8e8d4e8bcdb011f317d1b32881aef424a669dc6ceaee14993d3609172967853cbf9c25c724c25145d45885b6c9df56ba241c12820776607f1f
  languageName: node
  linkType: hard

"@internationalized/message@npm:3.0.0-alpha.0":
  version: 3.0.0-alpha.0
  resolution: "@internationalized/message@npm:3.0.0-alpha.0"
  dependencies:
    "@babel/runtime": ^7.6.2
    intl-messageformat: ^2.2.0
  checksum: 568d4ff24aaf1eed3a441581b880e24917417fd133eff47ff3027ac74e7744ef317bba4bc1a1174762f22b2aa40a6bc1795504295f6966b6f826202fbe737f19
  languageName: node
  linkType: hard

"@internationalized/number@npm:3.0.0-alpha.0":
  version: 3.0.0-alpha.0
  resolution: "@internationalized/number@npm:3.0.0-alpha.0"
  dependencies:
    "@babel/runtime": ^7.6.2
  checksum: a6072e2ed53e469fa2ce34d18eec8bc8bcf8670ac4832d1b653433f638defdd8f128953d8a8c506c269cdfffca85cca9227e6b983f5abf02bb9abce75c067ba8
  languageName: node
  linkType: hard

"@react-aria/breadcrumbs@npm:^3.1.3":
  version: 3.1.3
  resolution: "@react-aria/breadcrumbs@npm:3.1.3"
  dependencies:
    "@babel/runtime": ^7.6.2
    "@react-aria/i18n": ^3.1.2
    "@react-aria/interactions": ^3.3.4
    "@react-aria/link": ^3.1.2
    "@react-aria/utils": ^3.7.0
    "@react-types/breadcrumbs": ^3.2.0
    "@react-types/shared": ^3.5.0
  peerDependencies:
    react: ^16.8.0 || ^17.0.0-rc.1
  checksum: 1c787b01fa26f13d1b6332edb0eb5bae1c1248e8212955a8e765610b2518bb879717dee34315a04660b105a98af72a13f8a82ad132122c1d315c9a6d7ca8fe5d
  languageName: node
  linkType: hard

"@react-aria/button@npm:^3.3.1":
  version: 3.3.1
  resolution: "@react-aria/button@npm:3.3.1"
  dependencies:
    "@babel/runtime": ^7.6.2
    "@react-aria/focus": ^3.2.2
    "@react-aria/i18n": ^3.3.0
    "@react-aria/interactions": ^3.3.3
    "@react-aria/utils": ^3.6.0
    "@react-stately/toggle": ^3.2.1
    "@react-types/button": ^3.3.1
  peerDependencies:
    react: ^16.8.0 || ^17.0.0-rc.1
  checksum: f86eaeea47e52f7069e3ccf9f1540f0aa3f36b6f4e383103303d6d0c033c63355e4404d0845785b29369f8656ac61407375a96e16e78183ee0fe220afb6fba2c
  languageName: node
  linkType: hard

"@react-aria/checkbox@npm:^3.2.1":
  version: 3.2.1
  resolution: "@react-aria/checkbox@npm:3.2.1"
  dependencies:
    "@babel/runtime": ^7.6.2
    "@react-aria/label": ^3.1.1
    "@react-aria/toggle": ^3.1.1
    "@react-aria/utils": ^3.3.0
    "@react-stately/checkbox": ^3.0.1
    "@react-stately/toggle": ^3.2.1
    "@react-types/checkbox": ^3.2.1
  peerDependencies:
    react: ^16.8.0 || ^17.0.0-rc.1
  checksum: 804f3456198514c6e7addcb84b868064b20e0d472ee77de0702bf35946a219fbfa68c7c88067c870af9a40c3b411034c9b998cf807a431c67aa168cd73e10d9c
  languageName: node
  linkType: hard

"@react-aria/dialog@npm:^3.1.2":
  version: 3.1.2
  resolution: "@react-aria/dialog@npm:3.1.2"
  dependencies:
    "@babel/runtime": ^7.6.2
    "@react-aria/focus": ^3.2.2
    "@react-aria/utils": ^3.3.0
    "@react-stately/overlays": ^3.1.1
    "@react-types/dialog": ^3.3.0
  peerDependencies:
    react: ^16.8.0 || ^17.0.0-rc.1
  checksum: e0ed9c69b240221402b7b8b92d944da72f02c72f8dfb2cec06b169ef207d29a128849b449cdfda7ca747014d2cc63da533c6dff806f5c575868aadb9e3023918
  languageName: node
  linkType: hard

"@react-aria/focus@npm:^3.2.2, @react-aria/focus@npm:^3.2.3, @react-aria/focus@npm:^3.2.4":
  version: 3.2.4
  resolution: "@react-aria/focus@npm:3.2.4"
  dependencies:
    "@babel/runtime": ^7.6.2
    "@react-aria/interactions": ^3.3.4
    "@react-aria/utils": ^3.7.0
    "@react-types/shared": ^3.5.0
    clsx: ^1.1.1
  peerDependencies:
    react: ^16.8.0 || ^17.0.0-rc.1
  checksum: db74aee7609ccd0597f2cda5d6f25f5337a741491a02603c465fe42e72f7ff07b5db2243b8a20e56c003967c5a4aa51dc1a1b2dc515724ca0228be09cde65395
  languageName: node
  linkType: hard

"@react-aria/i18n@npm:^3.1.2, @react-aria/i18n@npm:^3.3.0":
  version: 3.3.0
  resolution: "@react-aria/i18n@npm:3.3.0"
  dependencies:
    "@babel/runtime": ^7.6.2
    "@internationalized/message": 3.0.0-alpha.0
    "@internationalized/number": 3.0.0-alpha.0
    "@react-aria/ssr": ^3.0.1
    "@react-aria/utils": ^3.6.0
    "@react-types/shared": ^3.4.0
  peerDependencies:
    react: ^16.8.0 || ^17.0.0-rc.1
  checksum: f5e0c382094ed024df7588dc2aeb38fabd485cae69236c08959b7fe4d1e0d594e64f6f716968305e1d082773fa408076577827652f06116adeba1bb587762246
  languageName: node
  linkType: hard

"@react-aria/interactions@npm:^3.2.1, @react-aria/interactions@npm:^3.3.3, @react-aria/interactions@npm:^3.3.4":
  version: 3.3.4
  resolution: "@react-aria/interactions@npm:3.3.4"
  dependencies:
    "@babel/runtime": ^7.6.2
    "@react-aria/utils": ^3.7.0
    "@react-types/shared": ^3.5.0
  peerDependencies:
    react: ^16.8.0 || ^17.0.0-rc.1
  checksum: c6d66849188ea2d8f15a485a8685e92d4fa2cf59a5426d427ebed654eb274b9db0621b17e0ff77279ed1e7528dd4b5a41d65021c9ec798694c27dffd7a73bc3c
  languageName: node
  linkType: hard

"@react-aria/label@npm:^3.1.1":
  version: 3.1.1
  resolution: "@react-aria/label@npm:3.1.1"
  dependencies:
    "@babel/runtime": ^7.6.2
    "@react-aria/utils": ^3.3.0
    "@react-types/label": ^3.2.1
    "@react-types/shared": ^3.2.1
  peerDependencies:
    react: ^16.8.0 || ^17.0.0-rc.1
  checksum: b9d107f00859144cb8e48a3b2df85247e8e7180b41a3ac51bbd42b3ffefdd41b3bf931eaf69325df4ec2ce1e021a8ef97bad38db7d4616c26960d8df3e5f9382
  languageName: node
  linkType: hard

"@react-aria/link@npm:^3.1.2":
  version: 3.1.2
  resolution: "@react-aria/link@npm:3.1.2"
  dependencies:
    "@babel/runtime": ^7.6.2
    "@react-aria/interactions": ^3.2.1
    "@react-aria/utils": ^3.3.0
    "@react-types/link": ^3.1.1
    "@react-types/shared": ^3.2.1
  peerDependencies:
    react: ^16.8.0 || ^17.0.0-rc.1
  checksum: 7ae4d7fd767a3516095eb6f635726a9e31546b836e183f1344cea412e6975afd3c51c3fb8ed13723d41d2802e0156a079a420759579ff80777fd03983a8732ff
  languageName: node
  linkType: hard

"@react-aria/listbox@npm:^3.2.4":
  version: 3.2.4
  resolution: "@react-aria/listbox@npm:3.2.4"
  dependencies:
    "@babel/runtime": ^7.6.2
    "@react-aria/interactions": ^3.3.3
    "@react-aria/label": ^3.1.1
    "@react-aria/selection": ^3.3.2
    "@react-aria/utils": ^3.6.0
    "@react-stately/collections": ^3.3.0
    "@react-stately/list": ^3.2.2
    "@react-types/listbox": ^3.1.1
    "@react-types/shared": ^3.4.0
  peerDependencies:
    react: ^16.8.0 || ^17.0.0-rc.1
  checksum: a44412ab15c6de6ec3c7904451da14bd5d706e6206449c5247f579c53853857041ecdbe854038577e5643ce6d3d989c8d8bdf594c9fccedca7ca51cdbe5e8734
  languageName: node
  linkType: hard

"@react-aria/menu@npm:^3.2.0":
  version: 3.2.0
  resolution: "@react-aria/menu@npm:3.2.0"
  dependencies:
    "@babel/runtime": ^7.6.2
    "@react-aria/interactions": ^3.3.4
    "@react-aria/overlays": ^3.6.2
    "@react-aria/selection": ^3.4.0
    "@react-aria/utils": ^3.7.0
    "@react-stately/collections": ^3.3.1
    "@react-stately/menu": ^3.2.1
    "@react-stately/tree": ^3.1.3
    "@react-types/button": ^3.3.1
    "@react-types/menu": ^3.1.1
    "@react-types/shared": ^3.5.0
  peerDependencies:
    react: ^16.8.0 || ^17.0.0-rc.1
  checksum: fa0171ae8ac565cc37f6b535807fb1b93a22c4e2f9d9c7e53be9965781ced45059d2620a89105935e0404b1ea5c2d825a098645ebbf1de1c1ed26d33ca0466c9
  languageName: node
  linkType: hard

"@react-aria/meter@npm:^3.1.1":
  version: 3.1.1
  resolution: "@react-aria/meter@npm:3.1.1"
  dependencies:
    "@babel/runtime": ^7.6.2
    "@react-aria/progress": ^3.1.1
    "@react-types/meter": ^3.1.1
    "@react-types/shared": ^3.2.1
  peerDependencies:
    react: ^16.8.0 || ^17.0.0-rc.1
  checksum: 716dc541453ed890a78d47cf16f4b498ef1e0b657e00032f99c78b1b5a57b026d7cccf9e6032c10776dfa44d9c19b7e6ffec62e6d6fc80276985ec0426ccb10a
  languageName: node
  linkType: hard

"@react-aria/overlays@npm:^3.6.1, @react-aria/overlays@npm:^3.6.2":
  version: 3.6.2
  resolution: "@react-aria/overlays@npm:3.6.2"
  dependencies:
    "@babel/runtime": ^7.6.2
    "@react-aria/i18n": ^3.3.0
    "@react-aria/interactions": ^3.3.4
    "@react-aria/utils": ^3.7.0
    "@react-aria/visually-hidden": ^3.2.1
    "@react-stately/overlays": ^3.1.1
    "@react-types/button": ^3.3.1
    "@react-types/overlays": ^3.4.0
    dom-helpers: ^3.3.1
  peerDependencies:
    react: ^16.8.0 || ^17.0.0-rc.1
    react-dom: ^16.8.0 || ^17.0.0-rc.1
  checksum: c5cb53dccdc810ebb9902260661d608a73da0a0845ad74ba4006a459e54eb357fa57c2ace31424099d14e60cd9eb82c1ed8855ae41e8d8a280a6dca84aaf07b8
  languageName: node
  linkType: hard

"@react-aria/progress@npm:^3.1.1":
  version: 3.1.1
  resolution: "@react-aria/progress@npm:3.1.1"
  dependencies:
    "@babel/runtime": ^7.6.2
    "@react-aria/i18n": ^3.1.2
    "@react-aria/label": ^3.1.1
    "@react-aria/utils": ^3.3.0
    "@react-types/progress": ^3.1.1
    "@react-types/shared": ^3.2.1
  peerDependencies:
    react: ^16.8.0 || ^17.0.0-rc.1
  checksum: 6ff1f69003a323392bc8bf5d4337b2c59330ab9f3161b362fdf51578db58fbc742c693edaf1a61e72210c93920f6fb470cac86fcdab6ba558e3a02aab21d2560
  languageName: node
  linkType: hard

"@react-aria/radio@npm:^3.1.3":
  version: 3.1.3
  resolution: "@react-aria/radio@npm:3.1.3"
  dependencies:
    "@babel/runtime": ^7.6.2
    "@react-aria/focus": ^3.2.2
    "@react-aria/i18n": ^3.3.0
    "@react-aria/interactions": ^3.3.3
    "@react-aria/label": ^3.1.1
    "@react-aria/utils": ^3.6.0
    "@react-stately/radio": ^3.3.0
    "@react-types/radio": ^3.1.1
  peerDependencies:
    react: ^16.8.0 || ^17.0.0-rc.1
  checksum: 4f821233be4d1c3c301993bc44219f237381756bf8aa2f209b5612034b27275d08aae8110cac3db07c0e677c0b9490bb17fa56178ca09d0eb213d58d65b9d2d1
  languageName: node
  linkType: hard

"@react-aria/searchfield@npm:^3.1.2":
  version: 3.1.2
  resolution: "@react-aria/searchfield@npm:3.1.2"
  dependencies:
    "@babel/runtime": ^7.6.2
    "@react-aria/i18n": ^3.1.2
    "@react-aria/interactions": ^3.3.4
    "@react-aria/textfield": ^3.2.1
    "@react-aria/utils": ^3.7.0
    "@react-stately/searchfield": ^3.1.1
    "@react-types/button": ^3.2.1
    "@react-types/searchfield": ^3.1.1
    "@react-types/shared": ^3.5.0
  peerDependencies:
    react: ^16.8.0 || ^17.0.0-rc.1
  checksum: c7e2654fbeb5becf6eccc594378bd11182b87f68b712e21e4e1590279138a03a8d21053dcdf59254c86bf364502476c16f21e7f4e398144cd54b278a87ac405a
  languageName: node
  linkType: hard

"@react-aria/select@npm:^3.3.1":
  version: 3.3.1
  resolution: "@react-aria/select@npm:3.3.1"
  dependencies:
    "@babel/runtime": ^7.6.2
    "@react-aria/i18n": ^3.3.0
    "@react-aria/interactions": ^3.3.4
    "@react-aria/label": ^3.1.1
    "@react-aria/menu": ^3.2.0
    "@react-aria/selection": ^3.4.0
    "@react-aria/utils": ^3.7.0
    "@react-aria/visually-hidden": ^3.2.1
    "@react-stately/select": ^3.1.1
    "@react-types/button": ^3.3.1
    "@react-types/select": ^3.2.0
    "@react-types/shared": ^3.5.0
  peerDependencies:
    react: ^16.8.0 || ^17.0.0-rc.1
  checksum: 2587aa67025a664bd7f2a339b8285e5b5f184c98b062dee1c0f1976621585950e47c29e0a2de24190668c25eeeb6f67c39728115e070ff651af5f6e22ac5a3b2
  languageName: node
  linkType: hard

"@react-aria/selection@npm:^3.3.2, @react-aria/selection@npm:^3.4.0":
  version: 3.4.0
  resolution: "@react-aria/selection@npm:3.4.0"
  dependencies:
    "@babel/runtime": ^7.6.2
    "@react-aria/focus": ^3.2.4
    "@react-aria/i18n": ^3.3.0
    "@react-aria/interactions": ^3.3.4
    "@react-aria/utils": ^3.7.0
    "@react-stately/collections": ^3.3.1
    "@react-stately/selection": ^3.4.0
    "@react-types/shared": ^3.5.0
  peerDependencies:
    react: ^16.8.0 || ^17.0.0-rc.1
  checksum: cc3ec5cabcfa7746454c9025bf04969991733682be019aead0340146c5e37fa2b51a75e954df82fd1eccc6d85d71f9becc98efbddad81eeb01c28a5f08b101a8
  languageName: node
  linkType: hard

"@react-aria/separator@npm:^3.1.1":
  version: 3.1.1
  resolution: "@react-aria/separator@npm:3.1.1"
  dependencies:
    "@babel/runtime": ^7.6.2
    "@react-aria/utils": ^3.3.0
    "@react-types/shared": ^3.2.1
  peerDependencies:
    react: ^16.8.0 || ^17.0.0-rc.1
  checksum: 8271219424723e2b70bdaf0e3ae5b8687c1c618a76fc029fe6d4d6c36045dc337ef61daff5b4045adf23607113f52dac85e725545dae49e667637719285d889a
  languageName: node
  linkType: hard

"@react-aria/slider@npm:^3.0.1":
  version: 3.0.1
  resolution: "@react-aria/slider@npm:3.0.1"
  dependencies:
    "@babel/runtime": ^7.6.2
    "@react-aria/focus": ^3.2.3
    "@react-aria/i18n": ^3.3.0
    "@react-aria/interactions": ^3.3.3
    "@react-aria/label": ^3.1.1
    "@react-aria/utils": ^3.6.0
    "@react-stately/radio": ^3.3.0
    "@react-stately/slider": ^3.0.1
    "@react-types/radio": ^3.1.1
    "@react-types/slider": ^3.0.1
  peerDependencies:
    react: ^16.8.0 || ^17.0.0-rc.1
  checksum: 46853699ef32bb29e0b35135e2e54d4a90ea8559488d7249bce712cc504654e1917b522a2645ac77640e9f83cea4256bf27e43f119c4b3edf108586f3dec2b66
  languageName: node
  linkType: hard

"@react-aria/ssr@npm:^3.0.1":
  version: 3.0.1
  resolution: "@react-aria/ssr@npm:3.0.1"
  dependencies:
    "@babel/runtime": ^7.6.2
  peerDependencies:
    react: ^16.8.0 || ^17.0.0-rc.1
  checksum: 67cabf4fc958d51f3f0b743d15b7575e1b13993c6b79283c91ed243408d942aa1ba8e4232fc8176237de5a9930f59eb69b0ff5a9b3d36ab027711227c3935b93
  languageName: node
  linkType: hard

"@react-aria/switch@npm:^3.1.1":
  version: 3.1.1
  resolution: "@react-aria/switch@npm:3.1.1"
  dependencies:
    "@babel/runtime": ^7.6.2
    "@react-aria/toggle": ^3.1.1
    "@react-stately/toggle": ^3.2.1
    "@react-types/switch": ^3.1.1
  peerDependencies:
    react: ^16.8.0 || ^17.0.0-rc.1
  checksum: db058ae2b9e6af98636726f370442525aad328480a09190e8d0d37f5bb2e951cdaba8a843414d6306b46e900366c6ca172b66ceed106732a4af0815d9b4d6da1
  languageName: node
  linkType: hard

"@react-aria/textfield@npm:^3.2.1, @react-aria/textfield@npm:^3.2.2":
  version: 3.2.2
  resolution: "@react-aria/textfield@npm:3.2.2"
  dependencies:
    "@babel/runtime": ^7.6.2
    "@react-aria/focus": ^3.2.2
    "@react-aria/label": ^3.1.1
    "@react-aria/utils": ^3.4.1
    "@react-types/shared": ^3.2.1
    "@react-types/textfield": ^3.2.2
  peerDependencies:
    react: ^16.8.0 || ^17.0.0-rc.1
  checksum: 49e61aab14292a29bac882b1b59f064c26423c8d3863188ea41252f7552a1db8fd1d28dd42c99379ea59ac315a6e81d312502b9dcefe2299ff9327c51090f2b8
  languageName: node
  linkType: hard

"@react-aria/toggle@npm:^3.1.1":
  version: 3.1.2
  resolution: "@react-aria/toggle@npm:3.1.2"
  dependencies:
    "@babel/runtime": ^7.6.2
    "@react-aria/focus": ^3.2.2
    "@react-aria/interactions": ^3.3.3
    "@react-aria/utils": ^3.6.0
    "@react-stately/toggle": ^3.2.1
    "@react-types/checkbox": ^3.2.2
    "@react-types/shared": ^3.4.0
    "@react-types/switch": ^3.1.1
  peerDependencies:
    react: ^16.8.0 || ^17.0.0-rc.1
  checksum: df2bba82b980d0403e60563b623b30402f8d79fd457f2024920be7b0f55884e6a6416f5bc5d401642428afb771e007620f7aa824bb42c518f8f967424aa438e6
  languageName: node
  linkType: hard

"@react-aria/tooltip@npm:^3.1.1":
  version: 3.1.1
  resolution: "@react-aria/tooltip@npm:3.1.1"
  dependencies:
    "@babel/runtime": ^7.6.2
    "@react-aria/focus": ^3.2.3
    "@react-aria/interactions": ^3.3.3
    "@react-aria/overlays": ^3.6.1
    "@react-aria/utils": ^3.6.0
    "@react-stately/tooltip": ^3.0.2
    "@react-types/shared": ^3.4.0
    "@react-types/tooltip": ^3.1.1
  peerDependencies:
    react: ^16.8.0 || ^17.0.0-rc.1
  checksum: f3ed83a4903bd09bcd921eba6af2d82ba56db4f6cc52f15558793f0e182bb7a4defec5feac3c880743f33000aa3f0f93cd952c6cb598fefd23521ef141b31c2a
  languageName: node
  linkType: hard

"@react-aria/utils@npm:^3.3.0, @react-aria/utils@npm:^3.4.1, @react-aria/utils@npm:^3.6.0, @react-aria/utils@npm:^3.7.0":
  version: 3.7.0
  resolution: "@react-aria/utils@npm:3.7.0"
  dependencies:
    "@babel/runtime": ^7.6.2
    "@react-aria/ssr": ^3.0.1
    "@react-stately/utils": ^3.2.0
    "@react-types/shared": ^3.5.0
    clsx: ^1.1.1
  peerDependencies:
    react: ^16.8.0 || ^17.0.0-rc.1
  checksum: bde1c4883a560794c1bbd1eacaca287617a8f313bc96832e36f3623e11c295fe43bb725213282958efca909a0e6d25de657c56db9708c4114b185d3f9deb6519
  languageName: node
  linkType: hard

"@react-aria/visually-hidden@npm:^3.2.1":
  version: 3.2.1
  resolution: "@react-aria/visually-hidden@npm:3.2.1"
  dependencies:
    "@babel/runtime": ^7.6.2
    "@react-aria/interactions": ^3.2.1
    "@react-aria/utils": ^3.3.0
    clsx: ^1.1.1
  peerDependencies:
    react: ^16.8.0 || ^17.0.0-rc.1
  checksum: c6cba817c20efb395ed51370f77b215425d43c2a801415bd9a53e56b9a04fef68043c9519e59bedeafd486fcc5a5f1f548bb5b4df74e5ca3273442e00db5b6fd
  languageName: node
  linkType: hard

"@react-stately/checkbox@npm:^3.0.1":
  version: 3.0.1
  resolution: "@react-stately/checkbox@npm:3.0.1"
  dependencies:
    "@babel/runtime": ^7.6.2
    "@react-stately/toggle": ^3.2.1
    "@react-stately/utils": ^3.1.1
    "@react-types/checkbox": ^3.2.1
  peerDependencies:
    react: ^16.8.0 || ^17.0.0-rc.1
  checksum: 6ab9f42686bde6d81334185c40851160ad5c8a206846101dd1981cec8af54bfbc461a90245538e8b8a7931529fd9b57e2f29544a817d924350d73a4fef53768d
  languageName: node
  linkType: hard

"@react-stately/collections@npm:^3.2.1, @react-stately/collections@npm:^3.3.0, @react-stately/collections@npm:^3.3.1":
  version: 3.3.1
  resolution: "@react-stately/collections@npm:3.3.1"
  dependencies:
    "@babel/runtime": ^7.6.2
    "@react-types/shared": ^3.5.0
  peerDependencies:
    react: ^16.8.0 || ^17.0.0-rc.1
  checksum: b729464dd6f8a008435bb071a453006c136a644e07e4d9d22c425cd592b47323b99356b591d22cd51712c09b7f905ee78a18c7ebe7ff781bd585b2f565514844
  languageName: node
  linkType: hard

"@react-stately/data@npm:^3.3.0":
  version: 3.3.0
  resolution: "@react-stately/data@npm:3.3.0"
  dependencies:
    "@babel/runtime": ^7.6.2
    "@react-types/shared": ^3.5.0
  peerDependencies:
    react: ^16.8.0 || ^17.0.0-rc.1
  checksum: 101bd0367a863aa049b01b18bdd4230c5437b9bd252367d7d3675bd1c9d54710cad985ceb598e3f79179990bb79f53dfdccf880480dfbcd2b0c00543d8088401
  languageName: node
  linkType: hard

"@react-stately/list@npm:^3.2.1, @react-stately/list@npm:^3.2.2":
  version: 3.2.2
  resolution: "@react-stately/list@npm:3.2.2"
  dependencies:
    "@babel/runtime": ^7.6.2
    "@react-stately/collections": ^3.3.0
    "@react-stately/selection": ^3.2.1
    "@react-stately/utils": ^3.1.1
    "@react-types/shared": ^3.2.1
  peerDependencies:
    react: ^16.8.0 || ^17.0.0-rc.1
  checksum: 15dcd7f006a63688a978a72a3ae75c17e11402e902682f8c2d633e945784590bd00b2ffe1d0b0e7a06582566731fcb9b8023d0a731a6f9648e50bcf643c24cc0
  languageName: node
  linkType: hard

"@react-stately/menu@npm:^3.2.1":
  version: 3.2.1
  resolution: "@react-stately/menu@npm:3.2.1"
  dependencies:
    "@babel/runtime": ^7.6.2
    "@react-stately/overlays": ^3.1.1
    "@react-stately/utils": ^3.1.1
    "@react-types/menu": ^3.1.1
    "@react-types/shared": ^3.2.1
  peerDependencies:
    react: ^16.8.0 || ^17.0.0-rc.1
  checksum: 2f37876073b32c27844c21fe385fb034895338125e7f85cf862cfd9f6397e753ae320859e647219bdfa8cff6c1bbd1ad3ee062bddb45d1a8a3060a3844a78a1c
  languageName: node
  linkType: hard

"@react-stately/overlays@npm:^3.1.1":
  version: 3.1.1
  resolution: "@react-stately/overlays@npm:3.1.1"
  dependencies:
    "@babel/runtime": ^7.6.2
    "@react-stately/utils": ^3.1.1
    "@react-types/overlays": ^3.2.1
  peerDependencies:
    react: ^16.8.0 || ^17.0.0-rc.1
  checksum: 737a780e533576e1c8f6c11bc3543abbe5417e8f706584290d3c0544abca74c8ae1c93281e0abd8f10d6891c2660cef82f024611adac4388973f68cd686794e0
  languageName: node
  linkType: hard

"@react-stately/radio@npm:^3.3.0":
  version: 3.3.0
  resolution: "@react-stately/radio@npm:3.3.0"
  dependencies:
    "@babel/runtime": ^7.6.2
    "@react-stately/utils": ^3.2.0
    "@react-types/radio": ^3.1.1
  peerDependencies:
    react: ^16.8.0 || ^17.0.0-rc.1
  checksum: f0348f6ab52e8eff00465d0d9343c0e6376172baa598dac9706a1dda53e758815040971462e7ebc3067b8ff5bc1a309a86425bfb820840a53f7384f4ac429b78
  languageName: node
  linkType: hard

"@react-stately/searchfield@npm:^3.1.1":
  version: 3.1.1
  resolution: "@react-stately/searchfield@npm:3.1.1"
  dependencies:
    "@babel/runtime": ^7.6.2
    "@react-stately/utils": ^3.1.1
    "@react-types/searchfield": ^3.1.1
    "@react-types/shared": ^3.2.1
  peerDependencies:
    react: ^16.8.0 || ^17.0.0-rc.1
  checksum: ef4df0684e6099df2af6ba8c0683f26fd28338386837eea01a23461cb49a453feb8c70fcd325666bd59c23150aea98be72a11691ec26eb51d5388959b7d3397e
  languageName: node
  linkType: hard

"@react-stately/select@npm:^3.1.1":
  version: 3.1.1
  resolution: "@react-stately/select@npm:3.1.1"
  dependencies:
    "@babel/runtime": ^7.6.2
    "@react-stately/collections": ^3.2.1
    "@react-stately/list": ^3.2.1
    "@react-stately/menu": ^3.2.1
    "@react-stately/selection": ^3.2.1
    "@react-stately/utils": ^3.1.1
    "@react-types/select": ^3.1.1
    "@react-types/shared": ^3.2.1
  peerDependencies:
    react: ^16.8.0 || ^17.0.0-rc.1
  checksum: e44403dd6134563f4a3a1ef88d775ff5901fefacdbf23c8f3942614612724d67fefb793a797d07a00b330d7fc4b6441f53c1b0afdd58b19ab1eb5dd74902cea5
  languageName: node
  linkType: hard

"@react-stately/selection@npm:^3.2.1, @react-stately/selection@npm:^3.4.0":
  version: 3.4.0
  resolution: "@react-stately/selection@npm:3.4.0"
  dependencies:
    "@babel/runtime": ^7.6.2
    "@react-stately/collections": ^3.3.1
    "@react-stately/utils": ^3.1.1
    "@react-types/shared": ^3.5.0
  peerDependencies:
    react: ^16.8.0 || ^17.0.0-rc.1
  checksum: a4e6157d621deb87269c469567070b470e226c4def4ec449f46c3e869af627dd10f7fafd960b2584e19177d6e9fa096b8afc9445b28707716109792d5236ac3d
  languageName: node
  linkType: hard

"@react-stately/slider@npm:^3.0.1":
  version: 3.0.1
  resolution: "@react-stately/slider@npm:3.0.1"
  dependencies:
    "@babel/runtime": ^7.6.2
    "@react-aria/i18n": ^3.3.0
    "@react-aria/utils": ^3.6.0
    "@react-stately/utils": ^3.2.0
    "@react-types/slider": ^3.0.1
  peerDependencies:
    react: ^16.8.0 || ^17.0.0-rc.1
  checksum: 800b934f27228d7d9d5b01d770dd85cf28ba5b796a29a313c231bd8a6cbf499c43626d7a396a6168f96b0fba0cf559a94021a36aa7f66724d1bd1775459275dc
  languageName: node
  linkType: hard

"@react-stately/toggle@npm:^3.2.1":
  version: 3.2.1
  resolution: "@react-stately/toggle@npm:3.2.1"
  dependencies:
    "@babel/runtime": ^7.6.2
    "@react-stately/utils": ^3.1.1
    "@react-types/checkbox": ^3.2.1
    "@react-types/shared": ^3.2.1
  peerDependencies:
    react: ^16.8.0 || ^17.0.0-rc.1
  checksum: fbf0734b450c07cdd2e4191dc1fd0281d552ab3dfdc47bd38d13091f3019170d337ff8293af615f2138c470513c183fe2a4e749a1ddeb8a301029e9ed2a1f1dc
  languageName: node
  linkType: hard

"@react-stately/tooltip@npm:^3.0.2, @react-stately/tooltip@npm:^3.0.3":
  version: 3.0.3
  resolution: "@react-stately/tooltip@npm:3.0.3"
  dependencies:
    "@babel/runtime": ^7.6.2
    "@react-stately/overlays": ^3.1.1
    "@react-stately/utils": ^3.2.0
    "@react-types/tooltip": ^3.1.1
  peerDependencies:
    react: ^16.8.0 || ^17.0.0-rc.1
  checksum: a8a9be8b57b3b1b9294a6cb6aa2d528ff1bfbf0ad2b7197eac622249460aec678e4ef76761add9d89ba7db8befb15d5d602ef22c72fa58fbe73378775b9564a5
  languageName: node
  linkType: hard

"@react-stately/tree@npm:^3.1.3":
  version: 3.1.3
  resolution: "@react-stately/tree@npm:3.1.3"
  dependencies:
    "@babel/runtime": ^7.6.2
    "@react-stately/collections": ^3.3.1
    "@react-stately/selection": ^3.4.0
    "@react-stately/utils": ^3.1.1
    "@react-types/shared": ^3.5.0
  peerDependencies:
    react: ^16.8.0 || ^17.0.0-rc.1
  checksum: 2ddc7698c3a477d4a17c4fc96b4c57b18478692c71b68bdecafc1de68521e6578e81de60ef6ff10a359e12dc36fdf0f099666750fd54fbb1e17542f50a6324b6
  languageName: node
  linkType: hard

"@react-stately/utils@npm:^3.1.1, @react-stately/utils@npm:^3.2.0":
  version: 3.2.0
  resolution: "@react-stately/utils@npm:3.2.0"
  dependencies:
    "@babel/runtime": ^7.6.2
  peerDependencies:
    react: ^16.8.0 || ^17.0.0-rc.1
  checksum: 0e56fb433e22f410a4c2d8dffd7af75cd833721dc25b72e9106fe0193c926a0414f9934039afc791c598b2c35d41b58ada8ece078eaf47063a57a8d9dc18ad38
  languageName: node
  linkType: hard

"@react-types/breadcrumbs@npm:^3.2.0":
  version: 3.2.0
  resolution: "@react-types/breadcrumbs@npm:3.2.0"
  dependencies:
    "@react-types/shared": ^3.2.1
  peerDependencies:
    react: ^16.8.0 || ^17.0.0-rc.1
  checksum: 459f3d12c726ca7f6c65136ca021fcc29c3fefa195a6bb16e1c24608dc25e5058127f53c5758a4e37b5545fb0f949a8665835c66d0cd85f4884d765a458a0986
  languageName: node
  linkType: hard

"@react-types/button@npm:^3.2.1, @react-types/button@npm:^3.3.1":
  version: 3.3.1
  resolution: "@react-types/button@npm:3.3.1"
  dependencies:
    "@react-types/shared": ^3.4.0
  peerDependencies:
    react: ^16.8.0 || ^17.0.0-rc.1
  checksum: cb6a7d911d0daeb2e285461e14fbf89f5306d19eac7410d32eb70a215ae8ccef0298da70a6217603b885c2e7b042f2b030a98e907b42df5c59ae9a07648cb5eb
  languageName: node
  linkType: hard

"@react-types/checkbox@npm:^3.2.1, @react-types/checkbox@npm:^3.2.2":
  version: 3.2.2
  resolution: "@react-types/checkbox@npm:3.2.2"
  dependencies:
    "@react-types/shared": ^3.4.0
  peerDependencies:
    react: ^16.8.0 || ^17.0.0-rc.1
  checksum: e0541b2ea48ea788e2b80996715e36bcf95c5e4736daf93a1d0097055e5e75610a811e3c5cf40e7f1cd677e296b4ccf12af0d92e1367f0a5628dccea32011a5b
  languageName: node
  linkType: hard

"@react-types/dialog@npm:^3.3.0":
  version: 3.3.0
  resolution: "@react-types/dialog@npm:3.3.0"
  dependencies:
    "@react-types/overlays": ^3.2.1
    "@react-types/shared": ^3.2.1
  peerDependencies:
    react: ^16.8.0 || ^17.0.0-rc.1
  checksum: 337f20d33c5ce23824ba740c159d335a1b38bccfea908e9fbc01327c80ebab1fac42dca80dda65d1b567b236cf4fef824fcc7e9f646f9978a29f93d48f32a621
  languageName: node
  linkType: hard

"@react-types/label@npm:^3.2.1":
  version: 3.4.0
  resolution: "@react-types/label@npm:3.4.0"
  dependencies:
    "@react-types/shared": ^3.4.0
  peerDependencies:
    react: ^16.8.0 || ^17.0.0-rc.1
  checksum: 0362f0c5addf8299f69e8ab730ff7093ecf4a82e2182f624e027b33957c46c384416f1012e59cce54afe91a4816569dfd146e5469a9245ec212fc46b7ae522b1
  languageName: node
  linkType: hard

"@react-types/link@npm:^3.1.1":
  version: 3.1.1
  resolution: "@react-types/link@npm:3.1.1"
  dependencies:
    "@react-aria/interactions": ^3.2.1
    "@react-types/shared": ^3.2.1
  peerDependencies:
    react: ^16.8.0 || ^17.0.0-rc.1
  checksum: 1f671ad1ca9ccb817e339ceef4bb1fe1c81239601268872cbb3b7496368b1d5f46f305058a56df2a4791b3f6272eba1e79e1e47fd3e0b5ac659fdf61c9d5c35e
  languageName: node
  linkType: hard

"@react-types/listbox@npm:^3.1.1":
  version: 3.1.1
  resolution: "@react-types/listbox@npm:3.1.1"
  dependencies:
    "@react-types/shared": ^3.2.1
  peerDependencies:
    react: ^16.8.0 || ^17.0.0-rc.1
  checksum: ffda57f25a10764ce05439476deba692dc7eb8bfeb88c1715ef3fa95c09ea3ac2609990998db298201f9258efadf42551940f33bb8d09fc483d17cb87a62bda6
  languageName: node
  linkType: hard

"@react-types/menu@npm:^3.1.1":
  version: 3.1.1
  resolution: "@react-types/menu@npm:3.1.1"
  dependencies:
    "@react-types/overlays": ^3.2.1
    "@react-types/shared": ^3.2.1
  peerDependencies:
    react: ^16.8.0 || ^17.0.0-rc.1
  checksum: 36398ed1d17fde78c6e8110bf9295b5199e0f900ae8852a3e6aee0e7ab5035b53397635dbb6f68336123f22470cdf840a1c651fe568c4efb48a48981bc0ac345
  languageName: node
  linkType: hard

"@react-types/meter@npm:^3.1.1":
  version: 3.1.1
  resolution: "@react-types/meter@npm:3.1.1"
  dependencies:
    "@react-types/progress": ^3.1.1
    "@react-types/shared": ^3.2.1
  peerDependencies:
    react: ^16.8.0 || ^17.0.0-rc.1
  checksum: b8bb63430d841bb1ba92e631d80afc6d78cdc12d21e4cd4fcf7202adc79fb172fa3c83ad7f894200770c3c309240dda3e614fa0c68f7922c246cd81c22d02865
  languageName: node
  linkType: hard

"@react-types/overlays@npm:^3.2.1, @react-types/overlays@npm:^3.4.0":
  version: 3.4.0
  resolution: "@react-types/overlays@npm:3.4.0"
  dependencies:
    "@react-types/shared": ^3.3.0
  peerDependencies:
    react: ^16.8.0 || ^17.0.0-rc.1
  checksum: 0fbd4ba18959566bcc3a383add4d32c27ff1f705c4893e22c72fc5de980f3b997a5ee931f8ff871ce9c120ae051f13d515395d03fc629b1c5eb895f6922623fa
  languageName: node
  linkType: hard

"@react-types/progress@npm:^3.1.1":
  version: 3.1.1
  resolution: "@react-types/progress@npm:3.1.1"
  dependencies:
    "@react-types/shared": ^3.2.1
  peerDependencies:
    react: ^16.8.0 || ^17.0.0-rc.1
  checksum: a2451148c309e09a9b1ff65873453f1fc86fa5aaa18f03b8f80f4d2391d900559cc86c87bb67bcc854654aa809f1e1427fdaffe181658752a7b6fb04b85069c1
  languageName: node
  linkType: hard

"@react-types/radio@npm:^3.1.1":
  version: 3.1.1
  resolution: "@react-types/radio@npm:3.1.1"
  dependencies:
    "@react-types/shared": ^3.2.1
  peerDependencies:
    react: ^16.8.0 || ^17.0.0-rc.1
  checksum: aea276a801c9f3fc9f0edd6a7b124fba52b032a919bf0ce73b2aee17af50e507f73f3b4d0bfcdef367c14d004ea6c3a0b7c20d062c27a23d7e931aa848aa5dbc
  languageName: node
  linkType: hard

"@react-types/searchfield@npm:^3.1.1":
  version: 3.1.1
  resolution: "@react-types/searchfield@npm:3.1.1"
  dependencies:
    "@react-types/textfield": ^3.2.1
  peerDependencies:
    react: ^16.8.0 || ^17.0.0-rc.1
  checksum: add3135bc2bf3ecebf87784abea8bd3c3af5c7d7563c5a2d686d60ca48f7b9ea3a7034a237df8e3311aaf578985b56dadc3a2cb0e9a6bd041260b76d18f2279b
  languageName: node
  linkType: hard

"@react-types/select@npm:^3.1.1, @react-types/select@npm:^3.2.0":
  version: 3.2.0
  resolution: "@react-types/select@npm:3.2.0"
  dependencies:
    "@react-types/shared": ^3.4.0
  peerDependencies:
    react: ^16.8.0 || ^17.0.0-rc.1
  checksum: 0e6c62ea492ec7350fe2ca967854fa49620e51fc0148ea5f66e7e3968f03139b23b48760ea2fc1f7bfe53df027f7ac0dffe3e4903b93662b90a077b8cce2d505
  languageName: node
  linkType: hard

"@react-types/shared@npm:^3.2.1, @react-types/shared@npm:^3.3.0, @react-types/shared@npm:^3.4.0, @react-types/shared@npm:^3.5.0":
  version: 3.5.0
  resolution: "@react-types/shared@npm:3.5.0"
  peerDependencies:
    react: ^16.8.0 || ^17.0.0-rc.1
  checksum: d685e051e255bb10cba1bc89fccc021f7af3702553e2d711b7dbaa59bf7ff5c978aadb0c27c0ff5cdca54c9f9bc475c0f3fa0d5ca7b2826e4549a47242f8e206
  languageName: node
  linkType: hard

"@react-types/slider@npm:^3.0.1":
  version: 3.0.1
  resolution: "@react-types/slider@npm:3.0.1"
  dependencies:
    "@react-types/shared": ^3.4.0
  peerDependencies:
    react: ^16.8.0 || ^17.0.0-rc.1
  checksum: ced9d06b7ce2b1589cf4c3915ce7fb47678b3c89b0a17a2f163501e5d9485ad1ca250178d1a423388dcec809602ab4cc200b4748877a753d1920a498c1b60b0d
  languageName: node
  linkType: hard

"@react-types/switch@npm:^3.1.1":
  version: 3.1.1
  resolution: "@react-types/switch@npm:3.1.1"
  dependencies:
    "@react-types/checkbox": ^3.2.1
    "@react-types/shared": ^3.2.1
  peerDependencies:
    react: ^16.8.0 || ^17.0.0-rc.1
  checksum: c9859bd4389b177930f00c42d96789591ed157161bd67b4ed59f7a46632de88494cc582d3513b589fea78a2300aee1f492dc237ecd590eb41e04556becd274e8
  languageName: node
  linkType: hard

"@react-types/textfield@npm:^3.2.1, @react-types/textfield@npm:^3.2.2":
  version: 3.2.2
  resolution: "@react-types/textfield@npm:3.2.2"
  dependencies:
    "@react-types/shared": ^3.2.1
  peerDependencies:
    react: ^16.8.0 || ^17.0.0-rc.1
  checksum: d818b543db8302f9102856d1947a72ea99bd416897f9af82328f1f1be1c0f501cc2cf8b19f6f28d993201d9e3c1523957ca3c704a190eed01fb1113ca2fac999
  languageName: node
  linkType: hard

"@react-types/tooltip@npm:^3.1.1":
  version: 3.1.1
  resolution: "@react-types/tooltip@npm:3.1.1"
  dependencies:
    "@react-types/overlays": ^3.4.0
    "@react-types/shared": ^3.4.0
  peerDependencies:
    react: ^16.8.0 || ^17.0.0-rc.1
  checksum: 26e550c0417156b40eb92f6e1ca5893e92842837d10e0b3cf045d67d57a5485af0e9397359f51239f5e9d1940c9a2dc218a7a4b0de6aa75507e45e40dc249364
  languageName: node
  linkType: hard

"clsx@npm:^1.1.1":
  version: 1.1.1
  resolution: "clsx@npm:1.1.1"
  checksum: d8ae10ac0546da19fe8c9516886f6582a64a382cf4d09ea7d36d5287cafbdab1192ab249adc2cdf0310e0b0aeac4f4142cf7c738c98d9cb68c19ba24b6f673d5
  languageName: node
  linkType: hard

"dom-helpers@npm:^3.3.1":
  version: 3.4.0
  resolution: "dom-helpers@npm:3.4.0"
  dependencies:
    "@babel/runtime": ^7.1.2
  checksum: 7625598dbfef65a50801e194b88f277ab398dd92c27398280fd8d69294326f05d9b0588922560ba50e10d9fe5ee8096f90995d679b7db2b776afd579d495b962
  languageName: node
  linkType: hard

"intl-messageformat-parser@npm:1.4.0":
  version: 1.4.0
  resolution: "intl-messageformat-parser@npm:1.4.0"
  checksum: f8979b2cc84c2e47459ea3729dda12b6c4b61ebb8745db496aeee583c8a2bb3469f54abaf61e0b5a2dc6ac90487c4a3a9a44a42cc49c2e3d9d0addb286182358
  languageName: node
  linkType: hard

"intl-messageformat@npm:^2.2.0":
  version: 2.2.0
  resolution: "intl-messageformat@npm:2.2.0"
  dependencies:
    intl-messageformat-parser: 1.4.0
  checksum: c5fb40ff2da0becbc41ab648eb1e7c49a5e5e583df4ac7425c609e0f359117ffe78d28b50c4049ef9deb9b03a673155312b0f3da4c19dafd544c6fa21655dddf
  languageName: node
  linkType: hard

"js-tokens@npm:^3.0.0 || ^4.0.0":
  version: 4.0.0
  resolution: "js-tokens@npm:4.0.0"
  checksum: 1fc4e4667ac2d972aba65148b9cbf9c17566b2394d3504238d8492bbd3e68f496c657eab06b26b40b17db5cac0a34d153a12130e2d2d2bb6dc2cdc8a4764eb1b
  languageName: node
  linkType: hard

"loose-envify@npm:^1.1.0":
  version: 1.4.0
  resolution: "loose-envify@npm:1.4.0"
  dependencies:
    js-tokens: ^3.0.0 || ^4.0.0
  bin:
    loose-envify: cli.js
  checksum: 5c3b47bbe5f597a3889fb001a3a98aaea2a3fafa48089c19034de1e0121bf57dbee609d184478514d74d5c5a7e9cfa3d846343455e5123b060040d46c39e91dc
  languageName: node
  linkType: hard

"object-assign@npm:^4.1.1":
  version: 4.1.1
  resolution: "object-assign@npm:4.1.1"
  checksum: 66cf021898fc1b13ea573ea8635fbd5a76533f50cecbc2fcd5eee1e8029af41bcebe7023788b6d0e06cbe4401ecea075d972f78ec74467cdc571a0f1a4d1a081
  languageName: node
  linkType: hard

"react-aria@npm:^3.5.0":
  version: 3.5.0
  resolution: "react-aria@npm:3.5.0"
  dependencies:
    "@react-aria/breadcrumbs": ^3.1.3
    "@react-aria/button": ^3.3.1
    "@react-aria/checkbox": ^3.2.1
    "@react-aria/dialog": ^3.1.2
    "@react-aria/focus": ^3.2.4
    "@react-aria/i18n": ^3.3.0
    "@react-aria/interactions": ^3.3.4
    "@react-aria/label": ^3.1.1
    "@react-aria/link": ^3.1.2
    "@react-aria/listbox": ^3.2.4
    "@react-aria/menu": ^3.2.0
    "@react-aria/meter": ^3.1.1
    "@react-aria/overlays": ^3.6.2
    "@react-aria/progress": ^3.1.1
    "@react-aria/radio": ^3.1.3
    "@react-aria/searchfield": ^3.1.2
    "@react-aria/select": ^3.3.1
    "@react-aria/separator": ^3.1.1
    "@react-aria/slider": ^3.0.1
    "@react-aria/ssr": ^3.0.1
    "@react-aria/switch": ^3.1.1
    "@react-aria/textfield": ^3.2.2
    "@react-aria/tooltip": ^3.1.1
    "@react-aria/utils": ^3.7.0
    "@react-aria/visually-hidden": ^3.2.1
  checksum: 03ea9a4d55a609034e0d8dc8dc15e78222aad0c8fab16cfffd15145a67ea20925a3a73f2719b30b7e9c00a92937f886ece127139a3d2507830072f63fae7acb9
  languageName: node
  linkType: hard

"react-dom@npm:^17.0.2":
  version: 17.0.2
  resolution: "react-dom@npm:17.0.2"
  dependencies:
    loose-envify: ^1.1.0
    object-assign: ^4.1.1
    scheduler: ^0.20.2
  peerDependencies:
    react: 17.0.2
  checksum: 960a74ff6670766846a73097a599115963df1574833c59ca0c2fd909758ebe7a6214cd14f5e6aa63ce846d8f39fde7f3b80474ccfcfadc45dd7f3246364718c6
  languageName: node
  linkType: hard

"react-stately@npm:^3.4.0":
  version: 3.4.0
  resolution: "react-stately@npm:3.4.0"
  dependencies:
    "@react-stately/checkbox": ^3.0.1
    "@react-stately/collections": ^3.3.1
    "@react-stately/data": ^3.3.0
    "@react-stately/list": ^3.2.2
    "@react-stately/menu": ^3.2.1
    "@react-stately/overlays": ^3.1.1
    "@react-stately/radio": ^3.3.0
    "@react-stately/searchfield": ^3.1.1
    "@react-stately/select": ^3.1.1
    "@react-stately/selection": ^3.4.0
    "@react-stately/slider": ^3.0.1
    "@react-stately/toggle": ^3.2.1
    "@react-stately/tooltip": ^3.0.3
    "@react-stately/tree": ^3.1.3
  checksum: 79e5adf558026f13a6f6773b82c3dc4186bcea99d32806a317ba76828841de520435941ffff7b836cd6a6ae300e209170db769cd99e730b512712a14eb4e77a5
  languageName: node
  linkType: hard

"react@npm:^17.0.2":
  version: 17.0.2
  resolution: "react@npm:17.0.2"
  dependencies:
    loose-envify: ^1.1.0
    object-assign: ^4.1.1
  checksum: 7d0dfebafe1d297503157abb2e9acdb49852185deb8700c16f4a6faad87642f84903ab18cfc16f40b9a0dfe97540f99834982ee953e6d48b39c41608dc3e4b29
  languageName: node
  linkType: hard

"regenerator-runtime@npm:^0.13.4":
  version: 0.13.7
  resolution: "regenerator-runtime@npm:0.13.7"
  checksum: 6ef567c662088b1b292214920cbd72443059298d477f72e1a37e0a113bafbfac9057cbfe35ae617284effc4b423493326a78561bbff7b04162c7949bdb9624e8
  languageName: node
  linkType: hard

"root-workspace-0b6124@workspace:.":
  version: 0.0.0-use.local
  resolution: "root-workspace-0b6124@workspace:."
  dependencies:
    react: ^17.0.2
    react-aria: ^3.5.0
    react-dom: ^17.0.2
    react-stately: ^3.4.0
  languageName: unknown
  linkType: soft

"scheduler@npm:^0.20.2":
  version: 0.20.2
  resolution: "scheduler@npm:0.20.2"
  dependencies:
    loose-envify: ^1.1.0
    object-assign: ^4.1.1
  checksum: 2ba121e53e8a438394598612ec9a8f465b39157042f912d2dd5956af643e0d45ec6937ae4eeb0a807d1945b209515263aed12fc3bca95c7a027ec2a54e76b399
  languageName: node
  linkType: hard
